
Microsoft Visual Studio Solution File, Format Version 12.00
# Visual Studio Express 2013 for Windows Desktop
VisualStudioVersion = 12.0.21005.1
MinimumVisualStudioVersion = 10.0.40219.1
Project("{8BC9CEB8-8B4A-11D0-8D11-00A0C91BC942}") = "SNMP++", "SNMP++\SNMP++.vcxproj", "{040A10FA-2922-4DE0-9847-92EF3934FAC6}"
EndProject
Project("{8BC9CEB8-8B4A-11D0-8D11-00A0C91BC942}") = "snmpWalk", "snmpWalk\snmpWalk.vcxproj", "{998CEF49-B9A9-401D-9629-5169C4213764}"
EndProject
Global
	GlobalSection(SolutionConfigurationPlatforms) = preSolution
		Debug|Win32 = Debug|Win32
		Release|Win32 = Release|Win32
	EndGlobalSection
	GlobalSection(ProjectConfigurationPlatforms) = postSolution
		{040A10FA-2922-4DE0-9847-92EF3934FAC6}.Debug|Win32.ActiveCfg = Debug|Win32
		{040A10FA-2922-4DE0-9847-92EF3934FAC6}.Debug|Win32.Build.0 = Debug|Win32
		{040A10FA-2922-4DE0-9847-92EF3934FAC6}.Release|Win32.ActiveCfg = Release|Win32
		{040A10FA-2922-4DE0-9847-92EF3934FAC6}.Release|Win32.Build.0 = Release|Win32
		{998CEF49-B9A9-401D-9629-5169C4213764}.Debug|Win32.ActiveCfg = Debug|Win32
		{998CEF49-B9A9-401D-9629-5169C4213764}.Debug|Win32.Build.0 = Debug|Win32
		{998CEF49-B9A9-401D-9629-5169C4213764}.Release|Win32.ActiveCfg = Release|Win32
		{998CEF49-B9A9-401D-9629-5169C4213764}.Release|Win32.Build.0 = Release|Win32
	EndGlobalSection
	GlobalSection(SolutionProperties) = preSolution
		HideSolutionNode = FALSE
	EndGlobalSection
EndGlobal
